
Microsoft Visual Studio Solution File, Format Version 12.00
# Visual Studio Version 16
VisualStudioVersion = 16.0.30611.23
MinimumVisualStudioVersion = 10.0.40219.1
Project("{9A19103F-16F7-4668-BE54-9A1E7A4F7556}") = "BasketballEquipment", "ExamPreparation\BasketballEquipment.csproj", "{E8921FA3-4AC6-45F8-A67D-4B88601894CB}"
EndProject
Project("{9A19103F-16F7-4668-BE54-9A1E7A4F7556}") = "Filming", "Filming\Filming.csproj", "{4E32DFFE-225C-417B-A3E3-02A9C206569D}"
EndProject
Project("{9A19103F-16F7-4668-BE54-9A1E7A4F7556}") = "EasterTrip", "EasterTrip\EasterTrip.csproj", "{D09C3948-A232-4E86-AD60-7AB6351DC93A}"
EndProject
Project("{9A19103F-16F7-4668-BE54-9A1E7A4F7556}") = "EasterEgg", "EasterEgg\EasterEgg.csproj", "{ABC9875E-B5AD-4277-B311-EA10AF8CE517}"
EndProject
Project("{9A19103F-16F7-4668-BE54-9A1E7A4F7556}") = "Dartz", "Dartz\Dartz.csproj", "{BB27768D-0029-4264-B627-86A4FEBD50AD}"
EndProject
Project("{9A19103F-16F7-4668-BE54-9A1E7A4F7556}") = "EasterDecoration", "EasterDecoration\EasterDecoration.csproj", "{5E34EE97-6EF6-441E-9F0C-3825FEE53A58}"
EndProject
Project("{FAE04EC0-301F-11D3-BF4B-00C04F79EFBC}") = "Exam-01-Trip", "Exam-01-Trip\Exam-01-Trip.csproj", "{8A8D3891-F925-4ECB-9C0A-034166883D77}"
EndProject
Project("{FAE04EC0-301F-11D3-BF4B-00C04F79EFBC}") = "Exam-02-MaidenParty", "Exam-02-MaidenParty\Exam-02-MaidenParty.csproj", "{718A19C7-D5FD-4711-95F3-DCD61F64B802}"
EndProject
Project("{FAE04EC0-301F-11D3-BF4B-00C04F79EFBC}") = "Exam-03-Courier", "Exam-03-Courier\Exam-03-Courier.csproj", "{D9017242-1862-4CE4-9F4D-C853225CBEC9}"
EndProject
Project("{FAE04EC0-301F-11D3-BF4B-00C04F79EFBC}") = "Exam-04-GrandfatherStavri", "Exam-04-GrandfatherStavri\Exam-04-GrandfatherStavri.csproj", "{ADA4ED6C-B1B4-465B-A018-A2E2F206BA02}"
EndProject
Project("{FAE04EC0-301F-11D3-BF4B-00C04F79EFBC}") = "Exam-05-TripSale", "Exam-05-TripSale\Exam-05-TripSale.csproj", "{18B2D261-0152-464D-844B-3CCAD0596B33}"
EndProject
Project("{FAE04EC0-301F-11D3-BF4B-00C04F79EFBC}") = "Exam-6-MultiplyTable", "Exam-6-MultiplyTable\Exam-6-MultiplyTable.csproj", "{B846DBEA-BA38-4949-B835-8DA20053BA57}"
EndProject
Global
	GlobalSection(SolutionConfigurationPlatforms) = preSolution
		Debug|Any CPU = Debug|Any CPU
		Release|Any CPU = Release|Any CPU
	EndGlobalSection
	GlobalSection(ProjectConfigurationPlatforms) = postSolution
		{E8921FA3-4AC6-45F8-A67D-4B88601894CB}.Debug|Any CPU.ActiveCfg = Debug|Any CPU
		{E8921FA3-4AC6-45F8-A67D-4B88601894CB}.Debug|Any CPU.Build.0 = Debug|Any CPU
		{E8921FA3-4AC6-45F8-A67D-4B88601894CB}.Release|Any CPU.ActiveCfg = Release|Any CPU
		{E8921FA3-4AC6-45F8-A67D-4B88601894CB}.Release|Any CPU.Build.0 = Release|Any CPU
		{4E32DFFE-225C-417B-A3E3-02A9C206569D}.Debug|Any CPU.ActiveCfg = Debug|Any CPU
		{4E32DFFE-225C-417B-A3E3-02A9C206569D}.Debug|Any CPU.Build.0 = Debug|Any CPU
		{4E32DFFE-225C-417B-A3E3-02A9C206569D}.Release|Any CPU.ActiveCfg = Release|Any CPU
		{4E32DFFE-225C-417B-A3E3-02A9C206569D}.Release|Any CPU.Build.0 = Release|Any CPU
		{D09C3948-A232-4E86-AD60-7AB6351DC93A}.Debug|Any CPU.ActiveCfg = Debug|Any CPU
		{D09C3948-A232-4E86-AD60-7AB6351DC93A}.Debug|Any CPU.Build.0 = Debug|Any CPU
		{D09C3948-A232-4E86-AD60-7AB6351DC93A}.Release|Any CPU.ActiveCfg = Release|Any CPU
		{D09C3948-A232-4E86-AD60-7AB6351DC93A}.Release|Any CPU.Build.0 = Release|Any CPU
		{ABC9875E-B5AD-4277-B311-EA10AF8CE517}.Debug|Any CPU.ActiveCfg = Debug|Any CPU
		{ABC9875E-B5AD-4277-B311-EA10AF8CE517}.Debug|Any CPU.Build.0 = Debug|Any CPU
		{ABC9875E-B5AD-4277-B311-EA10AF8CE517}.Release|Any CPU.ActiveCfg = Release|Any CPU
		{ABC9875E-B5AD-4277-B311-EA10AF8CE517}.Release|Any CPU.Build.0 = Release|Any CPU
		{BB27768D-0029-4264-B627-86A4FEBD50AD}.Debug|Any CPU.ActiveCfg = Debug|Any CPU
		{BB27768D-0029-4264-B627-86A4FEBD50AD}.Debug|Any CPU.Build.0 = Debug|Any CPU
		{BB27768D-0029-4264-B627-86A4FEBD50AD}.Release|Any CPU.ActiveCfg = Release|Any CPU
		{BB27768D-0029-4264-B627-86A4FEBD50AD}.Release|Any CPU.Build.0 = Release|Any CPU
		{5E34EE97-6EF6-441E-9F0C-3825FEE53A58}.Debug|Any CPU.ActiveCfg = Debug|Any CPU
		{5E34EE97-6EF6-441E-9F0C-3825FEE53A58}.Debug|Any CPU.Build.0 = Debug|Any CPU
		{5E34EE97-6EF6-441E-9F0C-3825FEE53A58}.Release|Any CPU.ActiveCfg = Release|Any CPU
		{5E34EE97-6EF6-441E-9F0C-3825FEE53A58}.Release|Any CPU.Build.0 = Release|Any CPU
		{8A8D3891-F925-4ECB-9C0A-034166883D77}.Debug|Any CPU.ActiveCfg = Debug|Any CPU
		{8A8D3891-F925-4ECB-9C0A-034166883D77}.Debug|Any CPU.Build.0 = Debug|Any CPU
		{8A8D3891-F925-4ECB-9C0A-034166883D77}.Release|Any CPU.ActiveCfg = Release|Any CPU
		{8A8D3891-F925-4ECB-9C0A-034166883D77}.Release|Any CPU.Build.0 = Release|Any CPU
		{718A19C7-D5FD-4711-95F3-DCD61F64B802}.Debug|Any CPU.ActiveCfg = Debug|Any CPU
		{718A19C7-D5FD-4711-95F3-DCD61F64B802}.Debug|Any CPU.Build.0 = Debug|Any CPU
		{718A19C7-D5FD-4711-95F3-DCD61F64B802}.Release|Any CPU.ActiveCfg = Release|Any CPU
		{718A19C7-D5FD-4711-95F3-DCD61F64B802}.Release|Any CPU.Build.0 = Release|Any CPU
		{D9017242-1862-4CE4-9F4D-C853225CBEC9}.Debug|Any CPU.ActiveCfg = Debug|Any CPU
		{D9017242-1862-4CE4-9F4D-C853225CBEC9}.Debug|Any CPU.Build.0 = Debug|Any CPU
		{D9017242-1862-4CE4-9F4D-C853225CBEC9}.Release|Any CPU.ActiveCfg = Release|Any CPU
		{D9017242-1862-4CE4-9F4D-C853225CBEC9}.Release|Any CPU.Build.0 = Release|Any CPU
		{ADA4ED6C-B1B4-465B-A018-A2E2F206BA02}.Debug|Any CPU.ActiveCfg = Debug|Any CPU
		{ADA4ED6C-B1B4-465B-A018-A2E2F206BA02}.Debug|Any CPU.Build.0 = Debug|Any CPU
		{ADA4ED6C-B1B4-465B-A018-A2E2F206BA02}.Release|Any CPU.ActiveCfg = Release|Any CPU
		{ADA4ED6C-B1B4-465B-A018-A2E2F206BA02}.Release|Any CPU.Build.0 = Release|Any CPU
		{18B2D261-0152-464D-844B-3CCAD0596B33}.Debug|Any CPU.ActiveCfg = Debug|Any CPU
		{18B2D261-0152-464D-844B-3CCAD0596B33}.Debug|Any CPU.Build.0 = Debug|Any CPU
		{18B2D261-0152-464D-844B-3CCAD0596B33}.Release|Any CPU.ActiveCfg = Release|Any CPU
		{18B2D261-0152-464D-844B-3CCAD0596B33}.Release|Any CPU.Build.0 = Release|Any CPU
		{B846DBEA-BA38-4949-B835-8DA20053BA57}.Debug|Any CPU.ActiveCfg = Debug|Any CPU
		{B846DBEA-BA38-4949-B835-8DA20053BA57}.Debug|Any CPU.Build.0 = Debug|Any CPU
		{B846DBEA-BA38-4949-B835-8DA20053BA57}.Release|Any CPU.ActiveCfg = Release|Any CPU
		{B846DBEA-BA38-4949-B835-8DA20053BA57}.Release|Any CPU.Build.0 = Release|Any CPU
	EndGlobalSection
	GlobalSection(SolutionProperties) = preSolution
		HideSolutionNode = FALSE
	EndGlobalSection
	GlobalSection(ExtensibilityGlobals) = postSolution
		SolutionGuid = {021663D1-007A-428A-B0E2-640A9EEDB07B}
	EndGlobalSection
EndGlobal
